
Microsoft Visual Studio Solution File, Format Version 12.00
# Visual Studio Version 17
VisualStudioVersion = 17.2.32630.192
MinimumVisualStudioVersion = 10.0.40219.1
Project("{FAE04EC0-301F-11D3-BF4B-00C04F79EFBC}") = "wosom", "wosom\wosom.csproj", "{41EC20D9-02DA-458A-AE1E-93A54E83A452}"
EndProject
Global
	GlobalSection(SolutionConfigurationPlatforms) = preSolution
		Debug|Any CPU = Debug|Any CPU
		Release|Any CPU = Release|Any CPU
	EndGlobalSection
	GlobalSection(ProjectConfigurationPlatforms) = postSolution
		{41EC20D9-02DA-458A-AE1E-93A54E83A452}.Debug|Any CPU.ActiveCfg = Debug|Any CPU
		{41EC20D9-02DA-458A-AE1E-93A54E83A452}.Debug|Any CPU.Build.0 = Debug|Any CPU
		{41EC20D9-02DA-458A-AE1E-93A54E83A452}.Release|Any CPU.ActiveCfg = Release|Any CPU
		{41EC20D9-02DA-458A-AE1E-93A54E83A452}.Release|Any CPU.Build.0 = Release|Any CPU
	EndGlobalSection
	GlobalSection(SolutionProperties) = preSolution
		HideSolutionNode = FALSE
	EndGlobalSection
	GlobalSection(ExtensibilityGlobals) = postSolution
		SolutionGuid = {AA6A0A65-3928-4585-9EF3-1C93EBCE40E7}
	EndGlobalSection
EndGlobal
